cloud.google.com/go v0.115.0 h1:CnFSK6Xo3lDYRoBKEcAtia6VSC837/ZkJuRduSFnr14=
cloud.google.com/go v0.115.0/go.mod h1:8jIM5vVgoAEoiVxQ/O4BFTfHqulPZgs/ufEzMcFMdWU=
cloud.google.com/go/ai v0.8.0 h1:rXUEz8Wp2OlrM8r1bfmpF2+VKqc1VJpafE3HgzRnD/w=
cloud.google.com/go/ai v0.8.0/go.mod h1:t3Dfk4cM61sytiggo2UyGsDVW3RF1qGZaUKDrZFyqkE=
cloud.google.com/go/auth v0.15.0 h1:Ly0u4aA5vG/fsSsxu98qCQBemXtAtJf+95z9HK+cxps=
cloud.google.com/go/auth v0.15.0/go.mod h1:WJDGqZ1o9E9wKIL+IwStfyn/+s59zl4Bi+1KQNVXLZ8=
cloud.google.com/go/auth/oauth2adapt v0.2.7 h1:/Lc7xODdqcEw8IrZ9SvwnlLX6j9FHQM74z6cBk9Rw6M=
cloud.google.com/go/auth/oauth2adapt v0.2.7/go.mod h1:NTbTTzfvPl1Y3V1nPpOgl2w6d/FjO7NNUQaWSox6ZMc=
cloud.google.com/go/compute/metadata v0.6.0 h1:A6hENjEsCDtC1k8byVsgwvVcioamEHvZ4j01OwKxG9I=
cloud.google.com/go/compute/metadata v0.6.0/go.mod h1:FjyFAW1MW0C203CEOMDTu3Dk1FlqW3Rga40jzHL4hfg=
cloud.google.com/go/longrunning v0.5.7 h1:WLbHekDbjK1fVFD3ibpFFVoyizlLRl73I7YKuAKilhU=
cloud.google.com/go/longrunning v0.5.7/go.mod h1:8GClkudohy1Fxm3owmBGid8W0pSgodEMwEAztp38Xng=
github.com/Azure/go-ansiterm v0.0.0-20230124172434-306776ec8161 h1:L/gRVlceqvL25UVaW/CKtUDjefjrs0SPonmDGUVOYP0=
github.com/Azure/go-ansiterm v0.0.0-20230124172434-306776ec8161/go.mod h1:xomTg63KZ2rFqZQzSB4Vz2SUXa1BpHTVz9L5PTmPC4E=
github.com/ClickHouse/ch-go v0.58.2 h1:jSm2szHbT9MCAB1rJ3WuCJqmGLi5UTjlNu+f530UTS0=
github.com/ClickHouse/ch-go v0.58.2/go.mod h1:Ap/0bEmiLa14gYjCiRkYGbXvbe8vwdrfTYWhsuQ99aw=
github.com/ClickHouse/clickhouse-go/v2 v2.16.0 h1:rhMfnPewXPnY4Q4lQRGdYuTLRBRKJEIEYHtbUMrzmvI=
github.com/ClickHouse/clickhouse-go/v2 v2.16.0/go.mod h1:J7SPfIxwR+x4mQ+o8MLSe0oY50NNntEqCIjFe/T1VPM=
github.com/Microsoft/go-winio v0.6.1 h1:9/kr64B9VUZrLm5YYwbGtUJnMgqWVOdUAXu6Migciow=
github.com/Microsoft/go-winio v0.6.1/go.mod h1:LRdKpFKfdobln8UmuiYcKPot9D2v6svN5+sAH+4kjUM=
github.com/Nvveen/Gotty v0.0.0-20120604004816-cd527374f1e5 h1:TngWCqHvy9oXAN6lEVMRuU21PR1EtLVZJmdB18Gu3Rw=
github.com/Nvveen/Gotty v0.0.0-20120604004816-cd527374f1e5/go.mod h1:lmUJ/7eu/Q8D7ML55dXQrVaamCz2vxCfdQBasLZfHKk=
github.com/alecthomas/chroma v0.10.0 h1:7XDcGkCQopCNKjZHfYrNLraA+M7e0fMiJ/Mfikbfjek=
github.com/alecthomas/chroma v0.10.0/go.mod h1:jtJATyUxlIORhUOFNA9NZDWGAQ8wpxQQqNSB4rjA/1s=
github.com/andybalholm/brotli v1.0.6 h1:Yf9fFpf49Zrxb9NlQaluyE92/+X7UVHlhMNJN2sxfOI=
github.com/andybalholm/brotli v1.0.6/go.mod h1:fO7iG3H7G2nSZ7m0zPUDn85XEX2GTukHGRSepvi9Eig=
github.com/atotto/clipboard v0.1.4 h1:EH0zSVneZPSuFR11BlR9YppQTVDbh5+16AmcJi4g1z4=
github.com/atotto/clipboard v0.1.4/go.mod h1:ZY9tmq7sm5xIbd9bOK4onWV4S6X0u6GY7Vn0Yu86PYI=
github.com/aymanbagabas/go-osc52 v1.0.3/go.mod h1:zT8H+Rk4VSabYN90pWyugflM3ZhpTZNC7cASDfUCdT4=
github.com/aymanbagabas/go-osc52/v2 v2.0.1 h1:HwpRHbFMcZLEVr42D4p7XBqjyuxQH5SMiErDT4WkJ2k=
github.com/aymanbagabas/go-osc52/v2 v2.0.1/go.mod h1:uYgXzlJ7ZpABp8OJ+exZzJJhRNQ2ASbcXHWsFqH8hp8=
github.com/aymerick/douceur v0.2.0 h1:Mv+mAeH1Q+n9Fr+oyamOlAkUNPWPlA8PPGR0QAaYuPk=
github.com/aymerick/douceur v0.2.0/go.mod h1:wlT5vV2O3h55X9m7iVYN0TBM0NH/MmbLnd30/FjWUq4=
github.com/cenkalti/backoff/v4 v4.2.1 h1:y4OZtCnogmCPw98Zjyt5a6+QwPLGkiQsYW5oUqylYbM=
github.com/cenkalti/backoff/v4 v4.2.1/go.mod h1:Y3VNntkOUPxTVeUxJ/G5vcM//AlwfmyYozVcomhLiZE=
github.com/charmbracelet/bubbles v0.17.1 h1:0SIyjOnkrsfDo88YvPgAWvZMwXe26TP6drRvmkjyUu4=
github.com/charmbracelet/bubbles v0.17.1/go.mod h1:9HxZWlkCqz2PRwsCbYl7a3KXvGzFaDHpYbSYMJ+nE3o=
github.com/charmbracelet/bubbletea v0.25.0 h1:bAfwk7jRz7FKFl9RzlIULPkStffg5k6pNt5dywy4TcM=
github.com/charmbracelet/bubbletea v0.25.0/go.mod h1:EN3QDR1T5ZdWmdfDzYcqOCAps45+QIJbLOBxmVNWNNg=
github.com/charmbracelet/glamour v0.6.0 h1:wi8fse3Y7nfcabbbDuwolqTqMQPMnVPeZhDM273bISc=
github.com/charmbracelet/glamour v0.6.0/go.mod h1:taqWV4swIMMbWALc0m7AfE9JkPSU8om2538k9ITBxOc=
github.com/charmbracelet/lipgloss v0.9.1 h1:PNyd3jvaJbg4jRHKWXnCj1akQm4rh8dbEzN1p/u1KWg=
github.com/charmbracelet/lipgloss v0.9.1/go.mod h1:1mPmG4cxScwUQALAAnacHaigiiHB9Pmr+v1VEawJl6I=
github.com/containerd/console v1.0.4-0.20230313162750-1ae8d489ac81 h1:q2hJAaP1k2wIvVRd/hEHD7lacgqrCPS+k8g1MndzfWY=
github.com/containerd/console v1.0.4-0.20230313162750-1ae8d489ac81/go.mod h1:YynlIjWYF8myEu6sdkwKIvGQq+cOckRm6So2avqoYAk=
github.com/containerd/continuity v0.4.3 h1:6HVkalIp+2u1ZLH1J/pYX2oBVXlJZvh1X1A7bEZ9Su8=
github.com/containerd/continuity v0.4.3/go.mod h1:F6PTNCKepoxEaXLQp3wDAjygEnImnZ/7o4JzpodfroQ=
github.com/davecgh/go-spew v1.1.0/go.mod h1:J7Y8YcW2NihsgmVo/mv3lAwl/skON4iLHjSsI+c5H38=
github.com/davecgh/go-spew v1.1.1 h1:vj9j/u1bqnvCEfJOwUhtlOARqs3+rkHYY13jYWTU97c=
github.com/davecgh/go-spew v1.1.1/go.mod h1:J7Y8YcW2NihsgmVo/mv3lAwl/skON4iLHjSsI+c5H38=
github.com/dlclark/regexp2 v1.4.0 h1:F1rxgk7p4uKjwIQxBs9oAXe5CqrXlCduYEJvrF4u93E=
github.com/dlclark/regexp2 v1.4.0/go.mod h1:2pZnwuY/m+8K6iRw6wQdMtk+rH5tNGR1i55kozfMjCc=
github.com/docker/cli v24.0.7+incompatible h1:wa/nIwYFW7BVTGa7SWPVyyXU9lgORqUb1xfI36MSkFg=
github.com/docker/cli v24.0.7+incompatible/go.mod h1:JLrzqnKDaYBop7H2jaqPtU4hHvMKP+vjCwu2uszcLI8=
github.com/docker/docker v24.0.7+incompatible h1:Wo6l37AuwP3JaMnZa226lzVXGA3F9Ig1seQen0cKYlM=
github.com/docker/docker v24.0.7+incompatible/go.mod h1:eEKB0N0r5NX/I1kEveEz05bcu8tLC/8azJZsviup8Sk=
github.com/docker/go-connections v0.4.0 h1:El9xVISelRB7BuFusrZozjnkIM5YnzCViNKohAFqRJQ=
github.com/docker/go-connections v0.4.0/go.mod h1:Gbd7IOopHjR8Iph03tsViu4nIes5XhDvyHbTtUxmeec=
github.com/docker/go-units v0.5.0 h1:69rxXcBk27SvSaaxTtLh/8llcHD8vYHT7WSdRZ/jvr4=
github.com/docker/go-units v0.5.0/go.mod h1:fgPhTUdO+D/Jk86RDLlptpiXQzgHJF7gydDDbaIK4Dk=
github.com/dustin/go-humanize v1.0.1 h1:GzkhY7T5VNhEkwH0PVJgjz+fX1rhBrR7pRT3mDkpeCY=
github.com/dustin/go-humanize v1.0.1/go.mod h1:Mu1zIs6XwVuF/gI1OepvI0qD18qycQx+mFykh5fBlto=
github.com/elastic/go-sysinfo v1.11.2 h1:mcm4OSYVMyws6+n2HIVMGkln5HOpo5Ie1ZmbbNn0jg4=
github.com/elastic/go-sysinfo v1.11.2/go.mod h1:GKqR8bbMK/1ITnez9NIsIfXQr25aLhRJa7AfT8HpBFQ=
github.com/elastic/go-windows v1.0.1 h1:AlYZOldA+UJ0/2nBuqWdo90GFCgG9xuyw9SYzGUtJm0=
github.com/elastic/go-windows v1.0.1/go.mod h1:FoVvqWSun28vaDQPbj2Elfc0JahhPB7WQEGa3c814Ss=
github.com/felixge/httpsnoop v1.0.4 h1:NFTV2Zj1bL4mc9sqWACXbQFVBBg2W3GPvqp8/ESS2Wg=
github.com/felixge/httpsnoop v1.0.4/go.mod h1:m8KPJKqk1gH5J9DgRY2ASl2lWCfGKXixSwevea8zH2U=
github.com/go-faster/city v1.0.1 h1:4WAxSZ3V2Ws4QRDrscLEDcibJY8uf41H6AhXDrNDcGw=
github.com/go-faster/city v1.0.1/go.mod h1:jKcUJId49qdW3L1qKHH/3wPeUstCVpVSXTM6vO3VcTw=
github.com/go-faster/errors v0.6.1 h1:nNIPOBkprlKzkThvS/0YaX8Zs9KewLCOSFQS5BU06FI=
github.com/go-faster/errors v0.6.1/go.mod h1:5MGV2/2T9yvlrbhe9pD9LO5Z/2zCSq2T8j+Jpi2LAyY=
github.com/go-logr/logr v1.2.2/go.mod h1:jdQByPbusPIv2/zmleS9BjJVeZ6kBagPoEUsqbVz/1A=
github.com/go-logr/logr v1.4.2 h1:6pFjapn8bFcIbiKo3XT4j/BhANplGihG6tvd+8rYgrY=
github.com/go-logr/logr v1.4.2/go.mod h1:9T104GzyrTigFIr8wt5mBrctHMim0Nb2HLGrmQ40KvY=
github.com/go-logr/stdr v1.2.2 h1:hSWxHoqTgW2S2qGc0LTAI563KZ5YKYRhT3MFKZMbjag=
github.com/go-logr/stdr v1.2.2/go.mod h1:mMo/vtBO5dYbehREoey6XUKy/eSumjCCveDpRre4VKE=
github.com/go-sql-driver/mysql v1.7.1 h1:lUIinVbN1DY0xBg0eMOzmmtGoHwWBbvnWubQUrtU8EI=
github.com/go-sql-driver/mysql v1.7.1/go.mod h1:OXbVy3sEdcQ2Doequ6Z5BW6fXNQTmx+9S1MCJN5yJMI=
github.com/gogo/protobuf v1.3.2 h1:Ov1cvc58UF3b5XjBnZv7+opcTcQFZebYjWzi34vdm4Q=
github.com/gogo/protobuf v1.3.2/go.mod h1:P1XiOD3dCwIKUDQYPy72D8LYyHL2YPYrpS2s69NZV8Q=
github.com/golang-jwt/jwt/v4 v4.5.0 h1:7cYmW1XlMY7h7ii7UhUyChSgS5wUJEnm9uZVTGqOWzg=
github.com/golang-jwt/jwt/v4 v4.5.0/go.mod h1:m21LjoU+eqJr34lmDMbreY2eSTRJ1cv77w39/MY0Ch0=
github.com/google/generative-ai-go v0.19.0 h1:R71szggh8wHMCUlEMsW2A/3T+5LdEIkiaHSYgSpUgdg=
github.com/google/generative-ai-go v0.19.0/go.mod h1:JYolL13VG7j79kM5BtHz4qwONHkeJQzOCkKXnpqtS/E=
github.com/google/s2a-go v0.1.9 h1:LGD7gtMgezd8a/Xak7mEWL0PjoTQFvpRudN895yqKW0=
github.com/google/s2a-go v0.1.9/go.mod h1:YA0Ei2ZQL3acow2O62kdp9UlnvMmU7kA6Eutn0dXayM=
github.com/google/shlex v0.0.0-20191202100458-e7afc7fbc510 h1:El6M4kTTCOh6aBiKaUGG7oYTSPP8MxqL4YI3kZKwcP4=
github.com/google/shlex v0.0.0-20191202100458-e7afc7fbc510/go.mod h1:pupxD2MaaD3pAXIBCelhxNneeOaAeabZDe5s4K6zSpQ=
github.com/google/uuid v1.6.0 h1:NIvaJDMOsjHA8n1jAhLSgzrAzy1Hgr+hNrb57e+94F0=
github.com/google/uuid v1.6.0/go.mod h1:TIyPZe4MgqvfeYDBFedMoGGpEw/LqOeaOT+nhxU+yHo=
github.com/googleapis/enterprise-certificate-proxy v0.3.6 h1:GW/XbdyBFQ8Qe+YAmFU9uHLo7OnF5tL52HFAgMmyrf4=
github.com/googleapis/enterprise-certificate-proxy v0.3.6/go.mod h1:MkHOF77EYAE7qfSuSS9PU6g4Nt4e11cnsDUowfwewLA=
github.com/googleapis/gax-go/v2 v2.14.1 h1:hb0FFeiPaQskmvakKu5EbCbpntQn48jyHuvrkurSS/Q=
github.com/googleapis/gax-go/v2 v2.14.1/go.mod h1:Hb/NubMaVM88SrNkvl8X/o8XWwDJEPqouaLeN2IUxoA=
github.com/gorilla/css v1.0.0 h1:BQqNyPTi50JCFMTw/b67hByjMVXZRwGha6wxVGkeihY=
github.com/gorilla/css v1.0.0/go.mod h1:Dn721qIggHpt4+EFCcTLTU/vk5ySda2ReITrtgBl60c=
github.com/imdario/mergo v0.3.16 h1:wwQJbIsHYGMUyLSPrEq1CT16AhnhNJQ51+4fdHUnCl4=
github.com/imdario/mergo v0.3.16/go.mod h1:WBLT9ZmE3lPoWsEzCh9LPo3TiwVN+ZKEjmz+hD27ysY=
github.com/jackc/pgpassfile v1.0.0 h1:/6Hmqy13Ss2zCq62VdNG8tM1wchn8zjSGOBJ6icpsIM=
github.com/jackc/pgpassfile v1.0.0/go.mod h1:CEx0iS5ambNFdcRtxPj5JhEz+xB6uRky5eyVu/W2HEg=
github.com/jackc/pgservicefile v0.0.0-20221227161230-091c0ba34f0a h1:bbPeKD0xmW/Y25WS6cokEszi5g+S0QxI/d45PkRi7Nk=
github.com/jackc/pgservicefile v0.0.0-20221227161230-091c0ba34f0a/go.mod h1:5TJZWKEWniPve33vlWYSoGYefn3gLQRzjfDlhSJ9ZKM=
github.com/jackc/pgx/v5 v5.5.1 h1:5I9etrGkLrN+2XPCsi6XLlV5DITbSL/xBZdmAxFcXPI=
github.com/jackc/pgx/v5 v5.5.1/go.mod h1:Ig06C2Vu0t5qXC60W8sqIthScaEnFvojjj9dSljmHRA=
github.com/jackc/puddle/v2 v2.2.1 h1:RhxXJtFG022u4ibrCSMSiu5aOq1i77R3OHKNJj77OAk=
github.com/jackc/puddle/v2 v2.2.1/go.mod h1:vriiEXHvEE654aYKXXjOvZM39qJ0q+azkZFrfEOc3H4=
github.com/joeshaw/multierror v0.0.0-20140124173710-69b34d4ec901 h1:rp+c0RAYOWj8l6qbCUTSiRLG/iKnW3K3/QfPPuSsBt4=
github.com/joeshaw/multierror v0.0.0-20140124173710-69b34d4ec901/go.mod h1:Z86h9688Y0wesXCyonoVr47MasHilkuLMqGhRZ4Hpak=
github.com/joho/godotenv v1.5.1 h1:7eLL/+HRGLY0ldzfGMeQkb7vMd0as4CfYvUVzLqw0N0=
github.com/joho/godotenv v1.5.1/go.mod h1:f4LDr5Voq0i2e/R5DDNOoa2zzDfwtkZa6DnEwAbqwq4=
github.com/jonboulle/clockwork v0.4.0 h1:p4Cf1aMWXnXAUh8lVfewRBx1zaTSYKrKMF2g3ST4RZ4=
github.com/jonboulle/clockwork v0.4.0/go.mod h1:xgRqUGwRcjKCO1vbZUEtSLrqKoPSsUpK7fnezOII0kc=
github.com/kballard/go-shellquote v0.0.0-20180428030007-95032a82bc51 h1:Z9n2FFNUXsshfwJMBgNA0RU6/i7WVaAegv3PtuIHPMs=
github.com/kballard/go-shellquote v0.0.0-20180428030007-95032a82bc51/go.mod h1:CzGEWj7cYgsdH8dAjBGEr58BoE7ScuLd+fwFZ44+/x8=
github.com/klauspost/compress v1.17.2 h1:RlWWUY/Dr4fL8qk9YG7DTZ7PDgME2V4csBXA8L/ixi4=
github.com/klauspost/compress v1.17.2/go.mod h1:ntbaceVETuRiXiv4DpjP66DpAtAGkEQskQzEyD//IeE=
github.com/kylelemons/godebug v1.1.0 h1:RPNrshWIDI6G2gRW9EHilWtl7Z6Sb1BR0xunSBf0SNc=
github.com/kylelemons/godebug v1.1.0/go.mod h1:9/0rRGxNHcop5bhtWyNeEfOS8JIWk580+fNqagV/RAw=
github.com/lucasb-eyer/go-colorful v1.2.0 h1:1nnpGOrhyZZuNyfu1QjKiUICQ74+3FNCN69Aj6K7nkY=
github.com/lucasb-eyer/go-colorful v1.2.0/go.mod h1:R4dSotOR9KMtayYi1e77YzuveK+i7ruzyGqttikkLy0=
github.com/mattn/go-isatty v0.0.16/go.mod h1:kYGgaQfpe5nmfYZH+SKPsOc2e4SrIfOl2e/yFXSvRLM=
github.com/mattn/go-isatty v0.0.20 h1:xfD0iDuEKnDkl03q4limB+vH+GxLEtL/jb4xVJSWWEY=
github.com/mattn/go-isatty v0.0.20/go.mod h1:W+V8PltTTMOvKvAeJH7IuucS94S2C6jfK/D7dTCTo3Y=
github.com/mattn/go-localereader v0.0.1 h1:ygSAOl7ZXTx4RdPYinUpg6W99U8jWvWi9Ye2JC/oIi4=
github.com/mattn/go-localereader v0.0.1/go.mod h1:8fBrzywKY7BI3czFoHkuzRoWE9C+EiG4R1k4Cjx5p88=
github.com/mattn/go-runewidth v0.0.9/go.mod h1:H031xJmbD/WCDINGzjvQ9THkh0rPKHF+m2gUSrubnMI=
github.com/mattn/go-runewidth v0.0.12/go.mod h1:RAqKPSqVFrSLVXbA8x7dzmKdmGzieGRCM46jaSJTDAk=
github.com/mattn/go-runewidth v0.0.14/go.mod h1:Jdepj2loyihRzMpdS35Xk/zdY8IAYHsh153qUoGf23w=
github.com/mattn/go-runewidth v0.0.15 h1:UNAjwbU9l54TA3KzvqLGxwWjHmMgBUVhBiTjelZgg3U=
github.com/mattn/go-runewidth v0.0.15/go.mod h1:Jdepj2loyihRzMpdS35Xk/zdY8IAYHsh153qUoGf23w=
github.com/mattn/go-sqlite3 v1.14.19 h1:fhGleo2h1p8tVChob4I9HpmVFIAkKGpiukdrgQbWfGI=
github.com/mattn/go-sqlite3 v1.14.19/go.mod h1:2eHXhiwb8IkHr+BDWZGa96P6+rkvnG63S2DGjv9HUNg=
github.com/microcosm-cc/bluemonday v1.0.21 h1:dNH3e4PSyE4vNX+KlRGHT5KrSvjeUkoNPwEORjffHJg=
github.com/microcosm-cc/bluemonday v1.0.21/go.mod h1:ytNkv4RrDrLJ2pqlsSI46O6IVXmZOBBD4SaJyDwwTkM=
github.com/mitchellh/mapstructure v1.5.0 h1:jeMsZIYE/09sWLaz43PL7Gy6RuMjD2eJVyuac5Z2hdY=
github.com/mitchellh/mapstructure v1.5.0/go.mod h1:bFUtVrKA4DC2yAKiSyO/QUcy7e+RRV2QTWOzhPopBRo=
github.com/moby/term v0.5.0 h1:xt8Q1nalod/v7BqbG21f8mQPqH+xAaC9C3N3wfWbVP0=
github.com/moby/term v0.5.0/go.mod h1:8FzsFHVUBGZdbDsJw/ot+X+d5HLUbvklYLJ9uGfcI3Y=
github.com/muesli/ansi v0.0.0-20211018074035-2e021307bc4b h1:1XF24mVaiu7u+CFywTdcDo2ie1pzzhwjt6RHqzpMU34=
github.com/muesli/ansi v0.0.0-20211018074035-2e021307bc4b/go.mod h1:fQuZ0gauxyBcmsdE3ZT4NasjaRdxmbCS0jRHsrWu3Ho=
github.com/muesli/cancelreader v0.2.2 h1:3I4Kt4BQjOR54NavqnDogx/MIoWBFa0StPA8ELUXHmA=
github.com/muesli/cancelreader v0.2.2/go.mod h1:3XuTXfFS2VjM+HTLZY9Ak0l6eUKfijIfMUZ4EgX0QYo=
github.com/muesli/reflow v0.3.0 h1:IFsN6K9NfGtjeggFP+68I4chLZV2yIKsXJFNZ+eWh6s=
github.com/muesli/reflow v0.3.0/go.mod h1:pbwTDkVPibjO2kyvBQRBxTWEEGDGq0FlB1BIKtnHY/8=
github.com/muesli/termenv v0.13.0/go.mod h1:sP1+uffeLaEYpyOTb8pLCUctGcGLnoFjSn4YJK5e2bc=
github.com/muesli/termenv v0.15.2 h1:GohcuySI0QmI3wN8Ok9PtKGkgkFIk7y6Vpb5PvrY+Wo=
github.com/muesli/termenv v0.15.2/go.mod h1:Epx+iuz8sNs7mNKhxzH4fWXGNpZwUaJKRS1noLXviQ8=
github.com/olekukonko/tablewriter v0.0.5 h1:P2Ga83D34wi1o9J6Wh1mRuqd4mF/x/lgBS7N7AbDhec=
github.com/olekukonko/tablewriter v0.0.5/go.mod h1:hPp6KlRPjbx+hW8ykQs1w3UBbZlj6HuIJcUGPhkA7kY=
github.com/opencontainers/go-digest v1.0.0 h1:apOUWs51W5PlhuyGyz9FCeeBIOUDA/6nW8Oi/yOhh5U=
github.com/opencontainers/go-digest v1.0.0/go.mod h1:0JzlMkj0TRzQZfJkVvzbP0HBR3IKzErnv2BNG4W4MAM=
github.com/opencontainers/image-spec v1.1.0-rc5 h1:Ygwkfw9bpDvs+c9E34SdgGOj41dX/cbdlwvlWt0pnFI=
github.com/opencontainers/image-spec v1.1.0-rc5/go.mod h1:X4pATf0uXsnn3g5aiGIsVnJBR4mxhKzfwmvK/B2NTm8=
github.com/opencontainers/runc v1.1.10 h1:EaL5WeO9lv9wmS6SASjszOeQdSctvpbu0DdBQBizE40=
github.com/opencontainers/runc v1.1.10/go.mod h1:+/R6+KmDlh+hOO8NkjmgkG9Qzvypzk0yXxAPYYR65+M=
github.com/ory/dockertest/v3 v3.10.0 h1:4K3z2VMe8Woe++invjaTB7VRyQXQy5UY+loujO4aNE4=
github.com/ory/dockertest/v3 v3.10.0/go.mod h1:nr57ZbRWMqfsdGdFNLHz5jjNdDb7VVFnzAeW1n5N1Lg=
github.com/paulmach/orb v0.10.0 h1:guVYVqzxHE/CQ1KpfGO077TR0ATHSNjp4s6XGLn3W9s=
github.com/paulmach/orb v0.10.0/go.mod h1:5mULz1xQfs3bmQm63QEJA6lNGujuRafwA5S/EnuLaLU=
github.com/pierrec/lz4/v4 v4.1.18 h1:xaKrnTkyoqfh1YItXl56+6KJNVYWlEEPuAQW9xsplYQ=
github.com/pierrec/lz4/v4 v4.1.18/go.mod h1:gZWDp/Ze/IJXGXf23ltt2EXimqmTUXEy0GFuRQyBid4=
github.com/pkg/errors v0.9.1 h1:FEBLx1zS214owpjy7qsBeixbURkuhQAwrK5UwLGTwt4=
github.com/pkg/errors v0.9.1/go.mod h1:bwawxfHBFNV+L2hUp1rHADufV3IMtnDRdf1r5NINEl0=
github.com/pmezard/go-difflib v1.0.0 h1:4DBwDE0NGyQoBHbLQYPwSUPoCMWR5BEzIk/f1lZbAQM=
github.com/pmezard/go-difflib v1.0.0/go.mod h1:iKH77koFhYxTK1pcRnkKkqfTogsbg7gZNVY4sRDYZ/4=
github.com/pressly/goose/v3 v3.17.0 h1:fT4CL3LRm4kfyLuPWzDFAoxjR5ZHjeJ6uQhibQtBaIs=
github.com/pressly/goose/v3 v3.17.0/go.mod h1:22aw7NpnCPlS86oqkO/+3+o9FuCaJg4ZVWRUO3oGzHQ=
github.com/prometheus/procfs v0.12.0 h1:jluTpSng7V9hY0O2R9DzzJHYb2xULk9VTR1V1R/k6Bo=
github.com/prometheus/procfs v0.12.0/go.mod h1:pcuDEFsWDnvcgNzo4EEweacyhjeA9Zk3cnaOZAZEfOo=
github.com/remyoudompheng/bigfft v0.0.0-20230129092748-24d4a6f8daec h1:W09IVJc94icq4NjY3clb7Lk8O1qJ8BdBEF8z0ibU0rE=
github.com/remyoudompheng/bigfft v0.0.0-20230129092748-24d4a6f8daec/go.mod h1:qqbHyh8v60DhA7CoWK5oRCqLrMHRGoxYCSS9EjAz6Eo=
github.com/rivo/uniseg v0.1.0/go.mod h1:J6wj4VEh+S6ZtnVlnTBMWIodfgj8LQOQFoIToxlJtxc=
github.com/rivo/uniseg v0.2.0/go.mod h1:J6wj4VEh+S6ZtnVlnTBMWIodfgj8LQOQFoIToxlJtxc=
github.com/rivo/uniseg v0.4.4 h1:8TfxU8dW6PdqD27gjM8MVNuicgxIjxpm4K7x4jp8sis=
github.com/rivo/uniseg v0.4.4/go.mod h1:FN3SvrM+Zdj16jyLfmOkMNblXMcoc8DfTHruCPUcx88=
github.com/sahilm/fuzzy v0.1.1-0.20230530133925-c48e322e2a8f h1:MvTmaQdww/z0Q4wrYjDSCcZ78NoftLQyHBSLW/Cx79Y=
github.com/sahilm/fuzzy v0.1.1-0.20230530133925-c48e322e2a8f/go.mod h1:VFvziUEIMCrT6A6tw2RFIXPXXmzXbOsSHF0DOI8ZK9Y=
github.com/segmentio/asm v1.2.0 h1:9BQrFxC+YOHJlTlHGkTrFWf59nbL3XnCoFLTwDCI7ys=
github.com/segmentio/asm v1.2.0/go.mod h1:BqMnlJP91P8d+4ibuonYZw9mfnzI9HfxselHZr5aAcs=
github.com/sethvargo/go-retry v0.2.4 h1:T+jHEQy/zKJf5s95UkguisicE0zuF9y7+/vgz08Ocec=
github.com/sethvargo/go-retry v0.2.4/go.mod h1:1afjQuvh7s4gflMObvjLPaWgluLLyhA1wmVZ6KLpICw=
github.com/shopspring/decimal v1.3.1 h1:2Usl1nmF/WZucqkFZhnfFYxxxu8LG21F6nPQBE5gKV8=
github.com/shopspring/decimal v1.3.1/go.mod h1:DKyhrW/HYNuLGql+MJL6WCR6knT2jwCFRcu2hWCYk4o=
github.com/sirupsen/logrus v1.9.3 h1:dueUQJ1C2q9oE3F7wvmSGAaVtTmUizReu6fjN8uqzbQ=
github.com/sirupsen/logrus v1.9.3/go.mod h1:naHLuLoDiP4jHNo9R0sCBMtWGeIprob74mVsIT4qYEQ=
github.com/stretchr/objx v0.1.0/go.mod h1:HFkY916IF+rwdDfMAkV7OtwuqBVzrE8GR6GFx+wExME=
github.com/stretchr/testify v1.7.0/go.mod h1:6Fq8oRcR53rry900zMqJjRRixrwX3KX962/h/Wwjteg=
github.com/stretchr/testify v1.9.0 h1:HtqpIVDClZ4nwg75+f6Lvsy/wHu+3BoSGCbBAcpTsTg=
github.com/stretchr/testify v1.9.0/go.mod h1:r2ic/lqez/lEtzL7wO/rwa5dbSLXVDPFyf8C91i36aY=
github.com/stretchr/testify v1.10.0 h1:Xv5erBjTwe/5IxqUQTdXv5kgmIvbHo3QQyRwhJsOfJA=
github.com/stretchr/testify v1.10.0/go.mod h1:r2ic/lqez/lEtzL7wO/rwa5dbSLXVDPFyf8C91i36aY=
github.com/vertica/vertica-sql-go v1.3.3 h1:fL+FKEAEy5ONmsvya2WH5T8bhkvY27y/Ik3ReR2T+Qw=
github.com/vertica/vertica-sql-go v1.3.3/go.mod h1:jnn2GFuv+O2Jcjktb7zyc4Utlbu9YVqpHH/lx63+1M4=
github.com/xeipuuv/gojsonpointer v0.0.0-20190905194746-02993c407bfb h1:zGWFAtiMcyryUHoUjUJX0/lt1H2+i2Ka2n+D3DImSNo=
github.com/xeipuuv/gojsonpointer v0.0.0-20190905194746-02993c407bfb/go.mod h1:N2zxlSyiKSe5eX1tZViRH5QA0qijqEDrYZiPEAiq3wU=
github.com/xeipuuv/gojsonreference v0.0.0-20180127040603-bd5ef7bd5415 h1:EzJWgHovont7NscjpAxXsDA8S8BMYve8Y5+7cuRE7R0=
github.com/xeipuuv/gojsonreference v0.0.0-20180127040603-bd5ef7bd5415/go.mod h1:GwrjFmJcFw6At/Gs6z4yjiIwzuJ1/+UwLxMQDVQXShQ=
github.com/xeipuuv/gojsonschema v1.2.0 h1:LhYJRs+L4fBtjZUfuSZIKGeVu0QRy8e5Xi7D17UxZ74=
github.com/xeipuuv/gojsonschema v1.2.0/go.mod h1:anYRn/JVcOK2ZgGU+IjEV4nwlhoK5sQluxsYJ78Id3Y=
github.com/ydb-platform/ydb-go-genproto v0.0.0-20231012155159-f85a672542fd h1:dzWP1Lu+A40W883dK/Mr3xyDSM/2MggS8GtHT0qgAnE=
github.com/ydb-platform/ydb-go-genproto v0.0.0-20231012155159-f85a672542fd/go.mod h1:Er+FePu1dNUieD+XTMDduGpQuCPssK5Q4BjF+IIXJ3I=
github.com/ydb-platform/ydb-go-sdk/v3 v3.54.2 h1:E0yUuuX7UmPxXm92+yQCjMveLFO3zfvYFIJVuAqsVRA=
github.com/ydb-platform/ydb-go-sdk/v3 v3.54.2/go.mod h1:fjBLQ2TdQNl4bMjuWl9adoTGBypwUTPoGC+EqYqiIcU=
github.com/yuin/goldmark v1.2.1/go.mod h1:3hX8gzYuyVAZsxl0MRgGTJEmQBFcNTphYh9decYSb74=
github.com/yuin/goldmark v1.5.2 h1:ALmeCk/px5FSm1MAcFBAsVKZjDuMVj8Tm7FFIlMJnqU=
github.com/yuin/goldmark v1.5.2/go.mod h1:6yULJ656Px+3vBD8DxQVa3kxgyrAnzto9xy5taEt/CY=
github.com/yuin/goldmark-emoji v1.0.1 h1:ctuWEyzGBwiucEqxzwe0SOYDXPAucOrE9NQC18Wa1os=
github.com/yuin/goldmark-emoji v1.0.1/go.mod h1:2w1E6FEWLcDQkoTE+7HU6QF1F6SLlNGjRIBbIZQFqkQ=
go.opentelemetry.io/auto/sdk v1.1.0 h1:cH53jehLUN6UFLY71z+NDOiNJqDdPRaXzTel0sJySYA=
go.opentelemetry.io/auto/sdk v1.1.0/go.mod h1:3wSPjt5PWp2RhlCcmmOial7AvC4DQqZb7a7wCow3W8A=
go.opentelemetry.io/contrib/instrumentation/google.golang.org/grpc/otelgrpc v0.59.0 h1:rgMkmiGfix9vFJDcDi1PK8WEQP4FLQwLDfhp5ZLpFeE=
go.opentelemetry.io/contrib/instrumentation/google.golang.org/grpc/otelgrpc v0.59.0/go.mod h1:ijPqXp5P6IRRByFVVg9DY8P5HkxkHE5ARIa+86aXPf4=
go.opentelemetry.io/contrib/instrumentation/net/http/otelhttp v0.59.0 h1:CV7UdSGJt/Ao6Gp4CXckLxVRRsRgDHoI8XjbL3PDl8s=
go.opentelemetry.io/contrib/instrumentation/net/http/otelhttp v0.59.0/go.mod h1:FRmFuRJfag1IZ2dPkHnEoSFVgTVPUd2qf5Vi69hLb8I=
go.opentelemetry.io/otel v1.26.0 h1:LQwgL5s/1W7YiiRwxf03QGnWLb2HW4pLiAhaA5cZXBs=
go.opentelemetry.io/otel v1.26.0/go.mod h1:UmLkJHUAidDval2EICqBMbnAd0/m2vmpf/dAM+fvFs4=
go.opentelemetry.io/otel v1.34.0 h1:zRLXxLCgL1WyKsPVrgbSdMN4c0FMkDAskSTQP+0hdUY=
go.opentelemetry.io/otel v1.34.0/go.mod h1:OWFPOQ+h4G8xpyjgqo4SxJYdDQ/qmRH+wivy7zzx9oI=
go.opentelemetry.io/otel/metric v1.34.0 h1:+eTR3U0MyfWjRDhmFMxe2SsW64QrZ84AOhvqS7Y+PoQ=
go.opentelemetry.io/otel/metric v1.34.0/go.mod h1:CEDrp0fy2D0MvkXE+dPV7cMi8tWZwX3dmaIhwPOaqHE=
go.opentelemetry.io/otel/trace v1.26.0 h1:1ieeAUb4y0TE26jUFrCIXKpTuVK7uJGN9/Z/2LP5sQA=
go.opentelemetry.io/otel/trace v1.26.0/go.mod h1:4iDxvGDQuUkHve82hJJ8UqrwswHYsZuWCBllGV2U2y0=
go.opentelemetry.io/otel/trace v1.34.0 h1:+ouXS2V8Rd4hp4580a8q23bg0azF2nI8cqLYnC8mh/k=
go.opentelemetry.io/otel/trace v1.34.0/go.mod h1:Svm7lSjQD7kG7KJ/MUHPVXSDGz2OX4h0M2jHBhmSfRE=
go.uber.org/multierr v1.11.0 h1:blXXJkSxSSfBVBlC76pxqeO+LN3aDfLQo+309xJstO0=
go.uber.org/multierr v1.11.0/go.mod h1:20+QtiLqy0Nd6FdQB9TLXag12DsQkrbs3htMFfDN80Y=
golang.org/x/crypto v0.24.0 h1:mnl8DM0o513X8fdIkmyFE/5hTYxbwYOjDS/+rK6qpRI=
golang.org/x/crypto v0.24.0/go.mod h1:Z1PMYSOR5nyMcyAVAIQSKCDwalqy85Aqn1x3Ws4L5DM=
golang.org/x/crypto v0.36.0 h1:AnAEvhDddvBdpY+uR+MyHmuZzzNqXSe/GvuDeob5L34=
golang.org/x/crypto v0.36.0/go.mod h1:Y4J0ReaxCR1IMaabaSMugxJES1EpwhBHhv2bDHklZvc=
golang.org/x/mod v0.17.0 h1:zY54UmvipHiNd+pm+m0x9KhZ9hl1/7QNMyxXbc6ICqA=
golang.org/x/mod v0.17.0/go.mod h1:hTbmBsO62+eylJbnUtE2MGJUyE7QWk4xUqPFrRgJ+7c=
golang.org/x/net v0.0.0-20221002022538-bcab6841153b/go.mod h1:YDH+HFinaLZZlnHAfSS6ZXJJ9M9t4Dl22yv3iI2vPwk=
golang.org/x/net v0.26.0 h1:soB7SVo0PWrY4vPW/+ay0jKDNScG2X9wFeYlXIvJsOQ=
golang.org/x/net v0.26.0/go.mod h1:5YKkiSynbBIh3p6iOc/vibscux0x38BZDkn8sCUPxHE=
golang.org/x/net v0.37.0 h1:1zLorHbz+LYj7MQlSf1+2tPIIgibq2eL5xkrGk6f+2c=
golang.org/x/net v0.37.0/go.mod h1:ivrbrMbzFq5J41QOQh0siUuly180yBYtLp+CKbEaFx8=
golang.org/x/oauth2 v0.28.0 h1:CrgCKl8PPAVtLnU3c+EDw6x11699EWlsDeWNWKdIOkc=
golang.org/x/oauth2 v0.28.0/go.mod h1:onh5ek6nERTohokkhCD/y2cV4Do3fxFHFuAejCkRWT8=
golang.org/x/sync v0.7.0 h1:YsImfSBoP9QPYL0xyKJPq0gcaJdG3rInoqxTWbfQu9M=
golang.org/x/sync v0.7.0/go.mod h1:Czt+wKu1gCyEFDUtn0jG5QVvpJ6rzVqr5aXyt9drQfk=
golang.org/x/sync v0.12.0 h1:MHc5BpPuC30uJk597Ri8TV3CNZcTLu6B6z4lJy+g6Jw=
golang.org/x/sync v0.12.0/go.mod h1:1dzgHSNfp02xaA81J2MS99Qcpr2w7fw1gpm99rleRqA=
golang.org/x/sys v0.0.0-20210615035016-665e8c7367d1/go.mod h1:oPkhp1MJrh7nUepCBck5+mAzfO9JrbApNNgaTdGDITg=
golang.org/x/sys v0.0.0-20220728004956-3c1f35247d10/go.mod h1:oPkhp1MJrh7nUepCBck5+mAzfO9JrbApNNgaTdGDITg=
golang.org/x/sys v0.0.0-20220811171246-fbc7d0a398ab/go.mod h1:oPkhp1MJrh7nUepCBck5+mAzfO9JrbApNNgaTdGDITg=
golang.org/x/sys v0.1.0/go.mod h1:oPkhp1MJrh7nUepCBck5+mAzfO9JrbApNNgaTdGDITg=
golang.org/x/sys v0.6.0/go.mod h1:oPkhp1MJrh7nUepCBck5+mAzfO9JrbApNNgaTdGDITg=
golang.org/x/sys v0.25.0 h1:r+8e+loiHxRqhXVl6ML1nO3l1+oFoWbnlu2Ehimmi34=
golang.org/x/sys v0.25.0/go.mod h1:/VUhepiaJMQUp4+oa/7Zr1D23ma6VTLIYjOOTFZPUcA=
golang.org/x/sys v0.31.0 h1:ioabZlmFYtWhL+TRYpcnNlLwhyxaM9kWTDEmfnprqik=
golang.org/x/sys v0.31.0/go.mod h1:BJP2sWEmIv4KK5OTEluFJCKSidICx8ciO85XgH3Ak8k=
golang.org/x/term v0.0.0-20210927222741-03fcf44c2211/go.mod h1:jbD1KX2456YbFQfuXm/mYQcufACuNUgVhRMnK/tPxf8=
golang.org/x/term v0.21.0 h1:WVXCp+/EBEHOj53Rvu+7KiT/iElMrO8ACK16SMZ3jaA=
golang.org/x/term v0.21.0/go.mod h1:ooXLefLobQVslOqselCNF4SxFAaoS6KujMbsGzSDmX0=
golang.org/x/term v0.30.0 h1:PQ39fJZ+mfadBm0y5WlL4vlM7Sx1Hgf13sMIY2+QS9Y=
golang.org/x/term v0.30.0/go.mod h1:NYYFdzHoI5wRh/h5tDMdMqCqPJZEuNqVR5xJLd/n67g=
golang.org/x/text v0.3.7/go.mod h1:u+2+/6zg+i71rQMx5EYifcz6MCKuco9NR6JIITiCfzQ=
golang.org/x/text v0.16.0 h1:a94ExnEXNtEwYLGJSIUxnWoxoRz/ZcCsV63ROupILh4=
golang.org/x/text v0.16.0/go.mod h1:GhwF1Be+LQoKShO3cGOHzqOgRrGaYc9AvblQOmPVHnI=
golang.org/x/text v0.23.0 h1:D71I7dUrlY+VX0gQShAThNGHFxZ13dGLBHQLVl1mJlY=
golang.org/x/text v0.23.0/go.mod h1:/BLNzu4aZCJ1+kcD0DNRotWKage4q2rGVAg4o22unh4=
golang.org/x/time v0.11.0 h1:/bpjEDfN9tkoN/ryeYHnv5hcMlc8ncjMcM4XBk5NWV0=
golang.org/x/time v0.11.0/go.mod h1:CDIdPxbZBQxdj6cxyCIdrNogrJKMJ7pr37NYpMcMDSg=
golang.org/x/tools v0.0.0-20180917221912-90fa682c2a6e/go.mod h1:n7NCudcB/nEzxVGmLbDWY5pfWTLqBcC2KZ6jyYvM4mQ=
golang.org/x/tools v0.21.1-0.20240508182429-e35e4ccd0d2d h1:vU5i/LfpvrRCpgM/VPfJLg5KjxD3E+hfT1SH+d9zLwg=
golang.org/x/tools v0.21.1-0.20240508182429-e35e4ccd0d2d/go.mod h1:aiJjzUbINMkxbQROHiO6hDPo2LHcIPhhQsa9DLh0yGk=
google.golang.org/api v0.227.0 h1:QvIHF9IuyG6d6ReE+BNd11kIB8hZvjN8Z5xY5t21zYc=
google.golang.org/api v0.227.0/go.mod h1:EIpaG6MbTgQarWF5xJvX0eOJPK9n/5D4Bynb9j2HXvQ=
google.golang.org/genproto/googleapis/api v0.0.0-20250106144421-5f5ef82da422 h1:GVIKPyP/kLIyVOgOnTwFOrvQaQUzOzGMCxgFUOEmm24=
google.golang.org/genproto/googleapis/api v0.0.0-20250106144421-5f5ef82da422/go.mod h1:b6h1vNKhxaSoEI+5jc3PJUCustfli/mRab7295pY7rw=
google.golang.org/genproto/googleapis/rpc v0.0.0-20240617180043-68d350f18fd4 h1:Di6ANFilr+S60a4S61ZM00vLdw0IrQOSMS2/6mrnOU0=
google.golang.org/genproto/googleapis/rpc v0.0.0-20240617180043-68d350f18fd4/go.mod h1:Ue6ibwXGpU+dqIcODieyLOcgj7z8+IcskoNIgZxtrFY=
google.golang.org/genproto/googleapis/rpc v0.0.0-20250313205543-e70fdf4c4cb4 h1:iK2jbkWL86DXjEx0qiHcRE9dE4/Ahua5k6V8OWFb//c=
google.golang.org/genproto/googleapis/rpc v0.0.0-20250313205543-e70fdf4c4cb4/go.mod h1:LuRYeWDFV6WOn90g357N17oMCaxpgCnbi/44qJvDn2I=
google.golang.org/grpc v1.64.1 h1:LKtvyfbX3UGVPFcGqJ9ItpVWW6oN/2XqTxfAnwRRXiA=
google.golang.org/grpc v1.64.1/go.mod h1:hiQF4LFZelK2WKaP6W0L92zGHtiQdZxk8CrSdvyjeP0=
google.golang.org/grpc v1.71.0 h1:kF77BGdPTQ4/JZWMlb9VpJ5pa25aqvVqogsxNHHdeBg=
google.golang.org/grpc v1.71.0/go.mod h1:H0GRtasmQOh9LkFoCPDu3ZrwUtD1YGE+b2vYBYd/8Ec=
google.golang.org/protobuf v1.34.2 h1:6xV6lTsCfpGD21XK49h7MhtcApnLqkfYgPcdHftf6hg=
google.golang.org/protobuf v1.34.2/go.mod h1:qYOHts0dSfpeUzUFpOMr/WGzszTmLH+DiWniOlNbLDw=
google.golang.org/protobuf v1.36.5 h1:tPhr+woSbjfYvY6/GPufUoYizxw1cF/yFoxJ2fmpwlM=
google.golang.org/protobuf v1.36.5/go.mod h1:9fA7Ob0pmnwhb644+1+CVWFRbNajQ6iRojtC/QF5bRE=
gopkg.in/check.v1 v0.0.0-20161208181325-20d25e280405/go.mod h1:Co6ibVJAznAaIkqp8huTwlJQCZ016jof/cbN4VW5Yz0=
gopkg.in/yaml.v2 v2.4.0 h1:D8xgwECY7CYvx+Y2n4sBz93Jn9JRvxdiyyo8CTfuKaY=
gopkg.in/yaml.v2 v2.4.0/go.mod h1:RDklbk79AGWmwhnvt/jBztapEOGDOx6ZbXqjP6csGnQ=
gopkg.in/yaml.v3 v3.0.0-20200313102051-9f266ea9e77c/go.mod h1:K4uyk7z7BCEPqu6E+C64Yfv1cQ7kz7rIZviUmN+EgEM=
gopkg.in/yaml.v3 v3.0.1 h1:fxVm/GzAzEWqLHuvctI91KS9hhNmmWOoWu0XTYJS7CA=
gopkg.in/yaml.v3 v3.0.1/go.mod h1:K4uyk7z7BCEPqu6E+C64Yfv1cQ7kz7rIZviUmN+EgEM=
howett.net/plist v1.0.0 h1:7CrbWYbPPO/PyNy38b2EB/+gYbjCe2DXBxgtOOZbSQM=
howett.net/plist v1.0.0/go.mod h1:lqaXoTrLY4hg8tnEzNru53gicrbv7rrk+2xJA/7hw9g=
lukechampine.com/uint128 v1.3.0 h1:cDdUVfRwDUDovz610ABgFD17nXD4/uDgVHl2sC3+sbo=
lukechampine.com/uint128 v1.3.0/go.mod h1:c4eWIwlEGaxC/+H1VguhU4PHXNWDCDMUlWdIWl2j1gk=
modernc.org/cc/v3 v3.41.0 h1:QoR1Sn3YWlmA1T4vLaKZfawdVtSiGx8H+cEojbC7v1Q=
modernc.org/cc/v3 v3.41.0/go.mod h1:Ni4zjJYJ04CDOhG7dn640WGfwBzfE0ecX8TyMB0Fv0Y=
modernc.org/ccgo/v3 v3.16.15 h1:KbDR3ZAVU+wiLyMESPtbtE/Add4elztFyfsWoNTgxS0=
modernc.org/ccgo/v3 v3.16.15/go.mod h1:yT7B+/E2m43tmMOT51GMoM98/MtHIcQQSleGnddkUNI=
modernc.org/libc v1.32.0 h1:yXatHTrACp3WaKNRCoZwUK7qj5V8ep1XyY0ka4oYcNc=
modernc.org/libc v1.32.0/go.mod h1:YAXkAZ8ktnkCKaN9sw/UDeUVkGYJ/YquGO4FTi5nmHE=
modernc.org/mathutil v1.6.0 h1:fRe9+AmYlaej+64JsEEhoWuAYBkOtQiMEU7n/XgfYi4=
modernc.org/mathutil v1.6.0/go.mod h1:Ui5Q9q1TR2gFm0AQRqQUaBWFLAhQpCwNcuhBOSedWPo=
modernc.org/memory v1.7.2 h1:Klh90S215mmH8c9gO98QxQFsY+W451E8AnzjoE2ee1E=
modernc.org/memory v1.7.2/go.mod h1:NO4NVCQy0N7ln+T9ngWqOQfi7ley4vpwvARR+Hjw95E=
modernc.org/opt v0.1.3 h1:3XOZf2yznlhC+ibLltsDGzABUGVx8J6pnFMS3E4dcq4=
modernc.org/opt v0.1.3/go.mod h1:WdSiB5evDcignE70guQKxYUl14mgWtbClRi5wmkkTX0=
modernc.org/sqlite v1.28.0 h1:Zx+LyDDmXczNnEQdvPuEfcFVA2ZPyaD7UCZDjef3BHQ=
modernc.org/sqlite v1.28.0/go.mod h1:Qxpazz0zH8Z1xCFyi5GSL3FzbtZ3fvbjmywNogldEW0=
modernc.org/strutil v1.2.0 h1:agBi9dp1I+eOnxXeiZawM8F4LawKv4NzGWSaLfyeNZA=
modernc.org/strutil v1.2.0/go.mod h1:/mdcBmfOibveCTBxUl5B5l6W+TTH1FXPLHZE6bTosX0=
modernc.org/token v1.1.0 h1:Xl7Ap9dKaEs5kLoOQeQmPWevfnk/DM5qcLcYlA8ys6Y=
modernc.org/token v1.1.0/go.mod h1:UGzOrNV1mAFSEB63lOFHIpNRUVMvYTc6yu1SMY/XTDM=
